{
  "name": "simplify-templates",
  "version": "0.2.1",
  "lockfileVersion": 2,
  "requires": true,
  "packages": {
    "": {
      "name": "simplify-templates",
      "version": "0.2.1",
      "license": "SEE LICENSE IN LICENSE.md",
      "bin": {
        "simplify-templates": "index.js"
      }
    }
  }
}
